{
  "name": "cchour",
  "version": "1.7.1",
  "lockfileVersion": 3,
  "requires": true,
  "packages": {
    "": {
      "name": "cchour",
      "version": "1.7.1",
      "license": "MIT",
      "bin": {
        "cchour": "bin/cchour.js"
      },
      "engines": {
        "node": ">=18"
      }
    }
  }
}
